
Microsoft Visual Studio Solution File, Format Version 12.00
# Visual Studio Version 17
VisualStudioVersion = 17.1.32407.343
MinimumVisualStudioVersion = 10.0.40219.1
Project("{FAE04EC0-301F-11D3-BF4B-00C04F79EFBC}") = "AutoShowroomFinal", "AutoShowroomFinal\AutoShowroomFinal.csproj", "{AC9A04CA-8E6A-4A9F-BDC8-589AAA25E4F2}"
EndProject
Global
	GlobalSection(SolutionConfigurationPlatforms) = preSolution
		Debug|Any CPU = Debug|Any CPU
		Release|Any CPU = Release|Any CPU
	EndGlobalSection
	GlobalSection(ProjectConfigurationPlatforms) = postSolution
		{AC9A04CA-8E6A-4A9F-BDC8-589AAA25E4F2}.Debug|Any CPU.ActiveCfg = Debug|Any CPU
		{AC9A04CA-8E6A-4A9F-BDC8-589AAA25E4F2}.Debug|Any CPU.Build.0 = Debug|Any CPU
		{AC9A04CA-8E6A-4A9F-BDC8-589AAA25E4F2}.Release|Any CPU.ActiveCfg = Release|Any CPU
		{AC9A04CA-8E6A-4A9F-BDC8-589AAA25E4F2}.Release|Any CPU.Build.0 = Release|Any CPU
	EndGlobalSection
	GlobalSection(SolutionProperties) = preSolution
		HideSolutionNode = FALSE
	EndGlobalSection
	GlobalSection(ExtensibilityGlobals) = postSolution
		SolutionGuid = {C4467A69-A633-4C84-B315-C31EC1C88BE5}
	EndGlobalSection
EndGlobal
